
Microsoft Visual Studio Solution File, Format Version 12.00
# Visual Studio Version 17
VisualStudioVersion = 17.11.35327.3
MinimumVisualStudioVersion = 10.0.40219.1
Project("{FAE04EC0-301F-11D3-BF4B-00C04F79EFBC}") = "_web_1225_okul", "_web_1225_okul\_web_1225_okul.csproj", "{C0E641A7-1EE5-4067-86A9-0AE4233C8826}"
EndProject
Global
	GlobalSection(SolutionConfigurationPlatforms) = preSolution
		Debug|Any CPU = Debug|Any CPU
		Release|Any CPU = Release|Any CPU
	EndGlobalSection
	GlobalSection(ProjectConfigurationPlatforms) = postSolution
		{C0E641A7-1EE5-4067-86A9-0AE4233C8826}.Debug|Any CPU.ActiveCfg = Debug|Any CPU
		{C0E641A7-1EE5-4067-86A9-0AE4233C8826}.Debug|Any CPU.Build.0 = Debug|Any CPU
		{C0E641A7-1EE5-4067-86A9-0AE4233C8826}.Release|Any CPU.ActiveCfg = Release|Any CPU
		{C0E641A7-1EE5-4067-86A9-0AE4233C8826}.Release|Any CPU.Build.0 = Release|Any CPU
	EndGlobalSection
	GlobalSection(SolutionProperties) = preSolution
		HideSolutionNode = FALSE
	EndGlobalSection
	GlobalSection(ExtensibilityGlobals) = postSolution
		SolutionGuid = {9904C5EE-6979-4042-B248-13DB31FF43A5}
	EndGlobalSection
EndGlobal
