
Microsoft Visual Studio Solution File, Format Version 12.00
# Visual Studio Version 17
VisualStudioVersion = 17.9.34723.18
MinimumVisualStudioVersion = 10.0.40219.1
Project("{FAE04EC0-301F-11D3-BF4B-00C04F79EFBC}") = "Ders24", "Ders24\Ders24.csproj", "{3373A4FC-CF31-4EB5-968A-4EBB87961D9F}"
EndProject
Global
	GlobalSection(SolutionConfigurationPlatforms) = preSolution
		Debug|Any CPU = Debug|Any CPU
		Release|Any CPU = Release|Any CPU
	EndGlobalSection
	GlobalSection(ProjectConfigurationPlatforms) = postSolution
		{3373A4FC-CF31-4EB5-968A-4EBB87961D9F}.Debug|Any CPU.ActiveCfg = Debug|Any CPU
		{3373A4FC-CF31-4EB5-968A-4EBB87961D9F}.Debug|Any CPU.Build.0 = Debug|Any CPU
		{3373A4FC-CF31-4EB5-968A-4EBB87961D9F}.Release|Any CPU.ActiveCfg = Release|Any CPU
		{3373A4FC-CF31-4EB5-968A-4EBB87961D9F}.Release|Any CPU.Build.0 = Release|Any CPU
	EndGlobalSection
	GlobalSection(SolutionProperties) = preSolution
		HideSolutionNode = FALSE
	EndGlobalSection
	GlobalSection(ExtensibilityGlobals) = postSolution
		SolutionGuid = {3B1CEA69-47C0-4508-ADF9-B6BEDAA1C059}
	EndGlobalSection
EndGlobal
