
Microsoft Visual Studio Solution File, Format Version 12.00
# Visual Studio Version 17
VisualStudioVersion = 17.8.34330.188
MinimumVisualStudioVersion = 10.0.40219.1
Project("{FAE04EC0-301F-11D3-BF4B-00C04F79EFBC}") = "guzel_soru", "guzel_soru\guzel_soru.csproj", "{0A960FD4-F791-43CF-8936-31133727E697}"
EndProject
Global
	GlobalSection(SolutionConfigurationPlatforms) = preSolution
		Debug|Any CPU = Debug|Any CPU
		Release|Any CPU = Release|Any CPU
	EndGlobalSection
	GlobalSection(ProjectConfigurationPlatforms) = postSolution
		{0A960FD4-F791-43CF-8936-31133727E697}.Debug|Any CPU.ActiveCfg = Debug|Any CPU
		{0A960FD4-F791-43CF-8936-31133727E697}.Debug|Any CPU.Build.0 = Debug|Any CPU
		{0A960FD4-F791-43CF-8936-31133727E697}.Release|Any CPU.ActiveCfg = Release|Any CPU
		{0A960FD4-F791-43CF-8936-31133727E697}.Release|Any CPU.Build.0 = Release|Any CPU
	EndGlobalSection
	GlobalSection(SolutionProperties) = preSolution
		HideSolutionNode = FALSE
	EndGlobalSection
	GlobalSection(ExtensibilityGlobals) = postSolution
		SolutionGuid = {60964F38-DEC9-4F0B-BAAF-B2FD5C9791CE}
	EndGlobalSection
EndGlobal
