
Microsoft Visual Studio Solution File, Format Version 12.00
# Visual Studio Version 17
VisualStudioVersion = 17.7.34202.233
MinimumVisualStudioVersion = 10.0.40219.1
Project("{FAE04EC0-301F-11D3-BF4B-00C04F79EFBC}") = "ogrenciKayit", "ogrenciKayit\ogrenciKayit.csproj", "{4A68901A-BF1C-4B69-ADDD-DC4D65408537}"
EndProject
Global
	GlobalSection(SolutionConfigurationPlatforms) = preSolution
		Debug|Any CPU = Debug|Any CPU
		Release|Any CPU = Release|Any CPU
	EndGlobalSection
	GlobalSection(ProjectConfigurationPlatforms) = postSolution
		{4A68901A-BF1C-4B69-ADDD-DC4D65408537}.Debug|Any CPU.ActiveCfg = Debug|Any CPU
		{4A68901A-BF1C-4B69-ADDD-DC4D65408537}.Debug|Any CPU.Build.0 = Debug|Any CPU
		{4A68901A-BF1C-4B69-ADDD-DC4D65408537}.Release|Any CPU.ActiveCfg = Release|Any CPU
		{4A68901A-BF1C-4B69-ADDD-DC4D65408537}.Release|Any CPU.Build.0 = Release|Any CPU
	EndGlobalSection
	GlobalSection(SolutionProperties) = preSolution
		HideSolutionNode = FALSE
	EndGlobalSection
	GlobalSection(ExtensibilityGlobals) = postSolution
		SolutionGuid = {87EDE3AB-1D77-44E6-9E03-1D6558684AB6}
	EndGlobalSection
EndGlobal
